
Microsoft Visual Studio Solution File, Format Version 12.00
# Visual Studio Version 16
VisualStudioVersion = 16.0.29709.97
MinimumVisualStudioVersion = 10.0.40219.1
Project("{8BC9CEB8-8B4A-11D0-8D11-00A0C91BC942}") = "cue_convert", "cue_convert\cue_convert.vcxproj", "{B1D554BE-BE8C-4CEA-AE1F-3F794EC22543}"
	ProjectSection(ProjectDependencies) = postProject
		{2E002F04-7B77-4C64-9AFD-9D52034E7BB4} = {2E002F04-7B77-4C64-9AFD-9D52034E7BB4}
		{3A214E06-B95E-4D61-A291-1F8DF2EC10FD} = {3A214E06-B95E-4D61-A291-1F8DF2EC10FD}
		{FDC91D09-F997-4E60-8AC0-866579A970D3} = {FDC91D09-F997-4E60-8AC0-866579A970D3}
		{7657AA11-73ED-46E4-B40A-E9F0A7940035} = {7657AA11-73ED-46E4-B40A-E9F0A7940035}
		{AFF27A26-C088-444B-BC2A-0BA94A02AFA7} = {AFF27A26-C088-444B-BC2A-0BA94A02AFA7}
		{DF4189C0-8CFC-44FE-9160-B54F81D7BCAF} = {DF4189C0-8CFC-44FE-9160-B54F81D7BCAF}
		{6BE9E6F2-CBBE-4CB9-B18D-2B4EE52A21D9} = {6BE9E6F2-CBBE-4CB9-B18D-2B4EE52A21D9}
	EndProjectSection
EndProject
Project("{8BC9CEB8-8B4A-11D0-8D11-00A0C91BC942}") = "read_write", "read_write\read_write.vcxproj", "{2E002F04-7B77-4C64-9AFD-9D52034E7BB4}"
	ProjectSection(ProjectDependencies) = postProject
		{DF4189C0-8CFC-44FE-9160-B54F81D7BCAF} = {DF4189C0-8CFC-44FE-9160-B54F81D7BCAF}
	EndProjectSection
EndProject
Project("{8BC9CEB8-8B4A-11D0-8D11-00A0C91BC942}") = "omnibus", "omnibus\omnibus.vcxproj", "{DF4189C0-8CFC-44FE-9160-B54F81D7BCAF}"
EndProject
Project("{8BC9CEB8-8B4A-11D0-8D11-00A0C91BC942}") = "cue_lib", "cue_lib\cue_lib.vcxproj", "{6BE9E6F2-CBBE-4CB9-B18D-2B4EE52A21D9}"
	ProjectSection(ProjectDependencies) = postProject
		{2E002F04-7B77-4C64-9AFD-9D52034E7BB4} = {2E002F04-7B77-4C64-9AFD-9D52034E7BB4}
		{DF4189C0-8CFC-44FE-9160-B54F81D7BCAF} = {DF4189C0-8CFC-44FE-9160-B54F81D7BCAF}
	EndProjectSection
EndProject
Project("{8BC9CEB8-8B4A-11D0-8D11-00A0C91BC942}") = "cue_test", "cue_test\cue_test.vcxproj", "{FAF51302-7EE8-4C9D-B8A9-52617B7BEB55}"
	ProjectSection(ProjectDependencies) = postProject
		{2E002F04-7B77-4C64-9AFD-9D52034E7BB4} = {2E002F04-7B77-4C64-9AFD-9D52034E7BB4}
		{3A214E06-B95E-4D61-A291-1F8DF2EC10FD} = {3A214E06-B95E-4D61-A291-1F8DF2EC10FD}
		{FDC91D09-F997-4E60-8AC0-866579A970D3} = {FDC91D09-F997-4E60-8AC0-866579A970D3}
		{7657AA11-73ED-46E4-B40A-E9F0A7940035} = {7657AA11-73ED-46E4-B40A-E9F0A7940035}
		{AFF27A26-C088-444B-BC2A-0BA94A02AFA7} = {AFF27A26-C088-444B-BC2A-0BA94A02AFA7}
		{DF4189C0-8CFC-44FE-9160-B54F81D7BCAF} = {DF4189C0-8CFC-44FE-9160-B54F81D7BCAF}
		{6BE9E6F2-CBBE-4CB9-B18D-2B4EE52A21D9} = {6BE9E6F2-CBBE-4CB9-B18D-2B4EE52A21D9}
	EndProjectSection
EndProject
Project("{8BC9CEB8-8B4A-11D0-8D11-00A0C91BC942}") = "collection", "collection\collection.vcxproj", "{7657AA11-73ED-46E4-B40A-E9F0A7940035}"
EndProject
Project("{8BC9CEB8-8B4A-11D0-8D11-00A0C91BC942}") = "libogg", "libogg\win32\VS2015\libogg.vcxproj", "{AFF27A26-C088-444B-BC2A-0BA94A02AFA7}"
EndProject
Project("{8BC9CEB8-8B4A-11D0-8D11-00A0C91BC942}") = "libvorbis", "libvorbis\win32\VS2010\libvorbis\libvorbis.vcxproj", "{3A214E06-B95E-4D61-A291-1F8DF2EC10FD}"
	ProjectSection(ProjectDependencies) = postProject
		{AFF27A26-C088-444B-BC2A-0BA94A02AFA7} = {AFF27A26-C088-444B-BC2A-0BA94A02AFA7}
	EndProjectSection
EndProject
Project("{8BC9CEB8-8B4A-11D0-8D11-00A0C91BC942}") = "liboggenc", "liboggenc\win32\liboggenc.vcxproj", "{FDC91D09-F997-4E60-8AC0-866579A970D3}"
	ProjectSection(ProjectDependencies) = postProject
		{3A214E06-B95E-4D61-A291-1F8DF2EC10FD} = {3A214E06-B95E-4D61-A291-1F8DF2EC10FD}
		{AFF27A26-C088-444B-BC2A-0BA94A02AFA7} = {AFF27A26-C088-444B-BC2A-0BA94A02AFA7}
	EndProjectSection
EndProject
Project("{8BC9CEB8-8B4A-11D0-8D11-00A0C91BC942}") = "libregex", "libregex\libregex.vcxproj", "{1A0870B4-6396-429F-ABBB-9D72A7F0AE06}"
EndProject
Global
	GlobalSection(SolutionConfigurationPlatforms) = preSolution
		Debug|x64 = Debug|x64
		Debug|x86 = Debug|x86
		Release|x64 = Release|x64
		Release|x86 = Release|x86
	EndGlobalSection
	GlobalSection(ProjectConfigurationPlatforms) = postSolution
		{B1D554BE-BE8C-4CEA-AE1F-3F794EC22543}.Debug|x64.ActiveCfg = Debug|x64
		{B1D554BE-BE8C-4CEA-AE1F-3F794EC22543}.Debug|x64.Build.0 = Debug|x64
		{B1D554BE-BE8C-4CEA-AE1F-3F794EC22543}.Debug|x86.ActiveCfg = Debug|Win32
		{B1D554BE-BE8C-4CEA-AE1F-3F794EC22543}.Debug|x86.Build.0 = Debug|Win32
		{B1D554BE-BE8C-4CEA-AE1F-3F794EC22543}.Release|x64.ActiveCfg = Release|x64
		{B1D554BE-BE8C-4CEA-AE1F-3F794EC22543}.Release|x64.Build.0 = Release|x64
		{B1D554BE-BE8C-4CEA-AE1F-3F794EC22543}.Release|x86.ActiveCfg = Release|Win32
		{B1D554BE-BE8C-4CEA-AE1F-3F794EC22543}.Release|x86.Build.0 = Release|Win32
		{2E002F04-7B77-4C64-9AFD-9D52034E7BB4}.Debug|x64.ActiveCfg = Debug|x64
		{2E002F04-7B77-4C64-9AFD-9D52034E7BB4}.Debug|x64.Build.0 = Debug|x64
		{2E002F04-7B77-4C64-9AFD-9D52034E7BB4}.Debug|x86.ActiveCfg = Debug|Win32
		{2E002F04-7B77-4C64-9AFD-9D52034E7BB4}.Debug|x86.Build.0 = Debug|Win32
		{2E002F04-7B77-4C64-9AFD-9D52034E7BB4}.Release|x64.ActiveCfg = Release|x64
		{2E002F04-7B77-4C64-9AFD-9D52034E7BB4}.Release|x64.Build.0 = Release|x64
		{2E002F04-7B77-4C64-9AFD-9D52034E7BB4}.Release|x86.ActiveCfg = Release|Win32
		{2E002F04-7B77-4C64-9AFD-9D52034E7BB4}.Release|x86.Build.0 = Release|Win32
		{DF4189C0-8CFC-44FE-9160-B54F81D7BCAF}.Debug|x64.ActiveCfg = Debug|x64
		{DF4189C0-8CFC-44FE-9160-B54F81D7BCAF}.Debug|x64.Build.0 = Debug|x64
		{DF4189C0-8CFC-44FE-9160-B54F81D7BCAF}.Debug|x86.ActiveCfg = Debug|Win32
		{DF4189C0-8CFC-44FE-9160-B54F81D7BCAF}.Debug|x86.Build.0 = Debug|Win32
		{DF4189C0-8CFC-44FE-9160-B54F81D7BCAF}.Release|x64.ActiveCfg = Release|x64
		{DF4189C0-8CFC-44FE-9160-B54F81D7BCAF}.Release|x64.Build.0 = Release|x64
		{DF4189C0-8CFC-44FE-9160-B54F81D7BCAF}.Release|x86.ActiveCfg = Release|Win32
		{DF4189C0-8CFC-44FE-9160-B54F81D7BCAF}.Release|x86.Build.0 = Release|Win32
		{6BE9E6F2-CBBE-4CB9-B18D-2B4EE52A21D9}.Debug|x64.ActiveCfg = Debug|x64
		{6BE9E6F2-CBBE-4CB9-B18D-2B4EE52A21D9}.Debug|x64.Build.0 = Debug|x64
		{6BE9E6F2-CBBE-4CB9-B18D-2B4EE52A21D9}.Debug|x86.ActiveCfg = Debug|Win32
		{6BE9E6F2-CBBE-4CB9-B18D-2B4EE52A21D9}.Debug|x86.Build.0 = Debug|Win32
		{6BE9E6F2-CBBE-4CB9-B18D-2B4EE52A21D9}.Release|x64.ActiveCfg = Release|x64
		{6BE9E6F2-CBBE-4CB9-B18D-2B4EE52A21D9}.Release|x64.Build.0 = Release|x64
		{6BE9E6F2-CBBE-4CB9-B18D-2B4EE52A21D9}.Release|x86.ActiveCfg = Release|Win32
		{6BE9E6F2-CBBE-4CB9-B18D-2B4EE52A21D9}.Release|x86.Build.0 = Release|Win32
		{FAF51302-7EE8-4C9D-B8A9-52617B7BEB55}.Debug|x64.ActiveCfg = Debug|x64
		{FAF51302-7EE8-4C9D-B8A9-52617B7BEB55}.Debug|x64.Build.0 = Debug|x64
		{FAF51302-7EE8-4C9D-B8A9-52617B7BEB55}.Debug|x86.ActiveCfg = Debug|Win32
		{FAF51302-7EE8-4C9D-B8A9-52617B7BEB55}.Debug|x86.Build.0 = Debug|Win32
		{FAF51302-7EE8-4C9D-B8A9-52617B7BEB55}.Release|x64.ActiveCfg = Release|x64
		{FAF51302-7EE8-4C9D-B8A9-52617B7BEB55}.Release|x64.Build.0 = Release|x64
		{FAF51302-7EE8-4C9D-B8A9-52617B7BEB55}.Release|x86.ActiveCfg = Release|Win32
		{FAF51302-7EE8-4C9D-B8A9-52617B7BEB55}.Release|x86.Build.0 = Release|Win32
		{7657AA11-73ED-46E4-B40A-E9F0A7940035}.Debug|x64.ActiveCfg = Debug|x64
		{7657AA11-73ED-46E4-B40A-E9F0A7940035}.Debug|x64.Build.0 = Debug|x64
		{7657AA11-73ED-46E4-B40A-E9F0A7940035}.Debug|x86.ActiveCfg = Debug|Win32
		{7657AA11-73ED-46E4-B40A-E9F0A7940035}.Debug|x86.Build.0 = Debug|Win32
		{7657AA11-73ED-46E4-B40A-E9F0A7940035}.Release|x64.ActiveCfg = Release|x64
		{7657AA11-73ED-46E4-B40A-E9F0A7940035}.Release|x64.Build.0 = Release|x64
		{7657AA11-73ED-46E4-B40A-E9F0A7940035}.Release|x86.ActiveCfg = Release|Win32
		{7657AA11-73ED-46E4-B40A-E9F0A7940035}.Release|x86.Build.0 = Release|Win32
		{AFF27A26-C088-444B-BC2A-0BA94A02AFA7}.Debug|x64.ActiveCfg = Debug|x64
		{AFF27A26-C088-444B-BC2A-0BA94A02AFA7}.Debug|x64.Build.0 = Debug|x64
		{AFF27A26-C088-444B-BC2A-0BA94A02AFA7}.Debug|x86.ActiveCfg = Debug|Win32
		{AFF27A26-C088-444B-BC2A-0BA94A02AFA7}.Debug|x86.Build.0 = Debug|Win32
		{AFF27A26-C088-444B-BC2A-0BA94A02AFA7}.Release|x64.ActiveCfg = Release|x64
		{AFF27A26-C088-444B-BC2A-0BA94A02AFA7}.Release|x64.Build.0 = Release|x64
		{AFF27A26-C088-444B-BC2A-0BA94A02AFA7}.Release|x86.ActiveCfg = Release|Win32
		{AFF27A26-C088-444B-BC2A-0BA94A02AFA7}.Release|x86.Build.0 = Release|Win32
		{3A214E06-B95E-4D61-A291-1F8DF2EC10FD}.Debug|x64.ActiveCfg = Debug|x64
		{3A214E06-B95E-4D61-A291-1F8DF2EC10FD}.Debug|x64.Build.0 = Debug|x64
		{3A214E06-B95E-4D61-A291-1F8DF2EC10FD}.Debug|x86.ActiveCfg = Debug|Win32
		{3A214E06-B95E-4D61-A291-1F8DF2EC10FD}.Debug|x86.Build.0 = Debug|Win32
		{3A214E06-B95E-4D61-A291-1F8DF2EC10FD}.Release|x64.ActiveCfg = Release|x64
		{3A214E06-B95E-4D61-A291-1F8DF2EC10FD}.Release|x64.Build.0 = Release|x64
		{3A214E06-B95E-4D61-A291-1F8DF2EC10FD}.Release|x86.ActiveCfg = Release|Win32
		{3A214E06-B95E-4D61-A291-1F8DF2EC10FD}.Release|x86.Build.0 = Release|Win32
		{FDC91D09-F997-4E60-8AC0-866579A970D3}.Debug|x64.ActiveCfg = Debug|Win32
		{FDC91D09-F997-4E60-8AC0-866579A970D3}.Debug|x86.ActiveCfg = Debug|Win32
		{FDC91D09-F997-4E60-8AC0-866579A970D3}.Debug|x86.Build.0 = Debug|Win32
		{FDC91D09-F997-4E60-8AC0-866579A970D3}.Release|x64.ActiveCfg = Release|Win32
		{FDC91D09-F997-4E60-8AC0-866579A970D3}.Release|x86.ActiveCfg = Release|Win32
		{FDC91D09-F997-4E60-8AC0-866579A970D3}.Release|x86.Build.0 = Release|Win32
		{1A0870B4-6396-429F-ABBB-9D72A7F0AE06}.Debug|x64.ActiveCfg = Debug|x64
		{1A0870B4-6396-429F-ABBB-9D72A7F0AE06}.Debug|x64.Build.0 = Debug|x64
		{1A0870B4-6396-429F-ABBB-9D72A7F0AE06}.Debug|x86.ActiveCfg = Debug|Win32
		{1A0870B4-6396-429F-ABBB-9D72A7F0AE06}.Debug|x86.Build.0 = Debug|Win32
		{1A0870B4-6396-429F-ABBB-9D72A7F0AE06}.Release|x64.ActiveCfg = Release|x64
		{1A0870B4-6396-429F-ABBB-9D72A7F0AE06}.Release|x64.Build.0 = Release|x64
		{1A0870B4-6396-429F-ABBB-9D72A7F0AE06}.Release|x86.ActiveCfg = Release|Win32
		{1A0870B4-6396-429F-ABBB-9D72A7F0AE06}.Release|x86.Build.0 = Release|Win32
	EndGlobalSection
	GlobalSection(SolutionProperties) = preSolution
		HideSolutionNode = FALSE
	EndGlobalSection
	GlobalSection(ExtensibilityGlobals) = postSolution
		SolutionGuid = {AD53AC80-19EE-43CF-A98C-4944D0FE4299}
	EndGlobalSection
EndGlobal
