<?xml version="1.0" encoding="utf-8"?>
<Project ToolsVersion="4.0" xmlns="http://schemas.microsoft.com/developer/msbuild/2003">
  <ItemGroup>
    <Filter Include="Source Files">
      <UniqueIdentifier>{fb022677-c1d7-4270-aca8-a4861bc01c69}</UniqueIdentifier>
      <Extensions>cpp;c;cxx;rc;def;r;odl;idl;hpj;bat</Extensions>
    </Filter>
    <Filter Include="Header Files">
      <UniqueIdentifier>{0a18767f-0eda-4e39-a194-a2a8a6b482de}</UniqueIdentifier>
      <Extensions>h;hpp;hxx;hm;inl</Extensions>
    </Filter>
    <Filter Include="Resource Files">
      <UniqueIdentifier>{faf7000f-70ce-43f1-82de-e1ef83598290}</UniqueIdentifier>
      <Extensions>ico;cur;bmp;dlg;rc2;rct;bin;rgs;gif;jpg;jpeg;jpe</Extensions>
    </Filter>
  </ItemGroup>
  <ItemGroup>
    <ClCompile Include="..\oggenc\audio.c">
      <Filter>Source Files</Filter>
    </ClCompile>
    <ClCompile Include="..\oggenc\encode.c">
      <Filter>Source Files</Filter>
    </ClCompile>
    <ClCompile Include="..\share\getopt.c">
      <Filter>Source Files</Filter>
    </ClCompile>
    <ClCompile Include="..\share\getopt1.c">
      <Filter>Source Files</Filter>
    </ClCompile>
    <ClCompile Include="..\oggenc\oggenc.c">
      <Filter>Source Files</Filter>
    </ClCompile>
    <ClCompile Include="..\oggenc\platform.c">
      <Filter>Source Files</Filter>
    </ClCompile>
    <ClCompile Include="..\oggenc\resample.c">
      <Filter>Source Files</Filter>
    </ClCompile>
    <ClCompile Include="..\share\utf8.c">
      <Filter>Source Files</Filter>
    </ClCompile>
    <ClCompile Include="..\oggenc\skeleton.c">
      <Filter>Source Files</Filter>
    </ClCompile>
  </ItemGroup>
  <ItemGroup>
    <ClInclude Include="..\oggenc\audio.h">
      <Filter>Header Files</Filter>
    </ClInclude>
    <ClInclude Include="..\oggenc\encode.h">
      <Filter>Header Files</Filter>
    </ClInclude>
    <ClInclude Include="..\include\getopt.h">
      <Filter>Header Files</Filter>
    </ClInclude>
    <ClInclude Include="..\oggenc\platform.h">
      <Filter>Header Files</Filter>
    </ClInclude>
    <ClInclude Include="..\oggenc\resample.h">
      <Filter>Header Files</Filter>
    </ClInclude>
    <ClInclude Include="..\include\utf8.h">
      <Filter>Header Files</Filter>
    </ClInclude>
    <ClInclude Include="oggenc.h">
      <Filter>Header Files</Filter>
    </ClInclude>
  </ItemGroup>
</Project>